
Microsoft Visual Studio Solution File, Format Version 12.00
# Visual Studio Version 17
VisualStudioVersion = 17.5.33627.172
MinimumVisualStudioVersion = 10.0.40219.1
Project("{FAE04EC0-301F-11D3-BF4B-00C04F79EFBC}") = "WebsiteBanQuanAo", "WebsiteBanQuanAo\WebsiteBanQuanAo.csproj", "{84A197AA-F0F7-49D4-B9B5-BF12BCCF8FF4}"
EndProject
Global
	GlobalSection(SolutionConfigurationPlatforms) = preSolution
		Debug|Any CPU = Debug|Any CPU
		Release|Any CPU = Release|Any CPU
	EndGlobalSection
	GlobalSection(ProjectConfigurationPlatforms) = postSolution
		{84A197AA-F0F7-49D4-B9B5-BF12BCCF8FF4}.Debug|Any CPU.ActiveCfg = Debug|Any CPU
		{84A197AA-F0F7-49D4-B9B5-BF12BCCF8FF4}.Debug|Any CPU.Build.0 = Debug|Any CPU
		{84A197AA-F0F7-49D4-B9B5-BF12BCCF8FF4}.Release|Any CPU.ActiveCfg = Release|Any CPU
		{84A197AA-F0F7-49D4-B9B5-BF12BCCF8FF4}.Release|Any CPU.Build.0 = Release|Any CPU
	EndGlobalSection
	GlobalSection(SolutionProperties) = preSolution
		HideSolutionNode = FALSE
	EndGlobalSection
	GlobalSection(ExtensibilityGlobals) = postSolution
		SolutionGuid = {1B8EA41B-BE0F-4680-B5E9-378ED2C90EF2}
	EndGlobalSection
EndGlobal
